# THIS IS AN AUTOGENERATED FILE. DO NOT EDIT THIS FILE DIRECTLY.
# yarn lockfile v1


"@hookform/resolvers@^3.3.2":
  version "3.3.2"
  resolved "https://registry.yarnpkg.com/@hookform/resolvers/-/resolvers-3.3.2.tgz#5c40f06fe8137390b071d961c66d27ee8f76f3bc"
  integrity sha512-Tw+GGPnBp+5DOsSg4ek3LCPgkBOuOgS5DsDV7qsWNH9LZc433kgsWICjlsh2J9p04H2K66hsXPPb9qn9ILdUtA==

"@tanstack/query-core@5.14.2":
  version "5.14.2"
  resolved "https://registry.yarnpkg.com/@tanstack/query-core/-/query-core-5.14.2.tgz#ef0c1a93e142d5cce90b0ac2d0333a88fc0fbb95"
  integrity sha512-QmoJvC72sSWs3hgGis8JdmlDvqLfYGWUK4UG6OR9Q6t28JMN9m2FDwKPqoSJ9YVocELCSjMt/FGjEiLfk8000Q==

"@tanstack/react-query@^5.14.6":
  version "5.14.6"
  resolved "https://registry.yarnpkg.com/@tanstack/react-query/-/react-query-5.14.6.tgz#40d51832d1ca6c9e28d3e48fd44c116d9ce28296"
  integrity sha512-+INnJdq/904d+K2XQjqdIC58glpNGfQ8Xz93M6WBeJs5FPGFV8SEuFVzPtW/bKZ/Hu7hAiJpbFLDg5Lysvwmuw==
  dependencies:
    "@tanstack/query-core" "5.14.2"

"@trpc/client@^10.44.1":
  version "10.44.1"
  resolved "https://registry.yarnpkg.com/@trpc/client/-/client-10.44.1.tgz#5666f5b81566d2e44802706581d9e6f2b591502e"
  integrity sha512-vTWsykNcgz1LnwePVl2fKZnhvzP9N3GaaLYPkfGINo314ZOS0OBqe9x0ytB2LLUnRVTAAZ2WoONzARd8nHiqrA==

"@trpc/next@^10.44.1":
  version "10.44.1"
  resolved "https://registry.yarnpkg.com/@trpc/next/-/next-10.44.1.tgz#22daa333a4d55905f19716e6850047ce79cfc8d0"
  integrity sha512-ez2oYUzmaQ+pGch627sRBfeEk3h+UIwNicR8WjTAM54TPcdP5W9ZyWCyO5HZTEfjHgGixYM4tCIxewdKOWY9yA==
  dependencies:
    react-ssr-prepass "^1.5.0"

"@trpc/react-query@^10.44.1":
  version "10.44.1"
  resolved "https://registry.yarnpkg.com/@trpc/react-query/-/react-query-10.44.1.tgz#917122d551ff38f735fec83323ba7e45c0ebbe79"
  integrity sha512-Sgi/v0YtdunOXjBRi7om9gILGkOCFYXPzn5KqLuEHiZw5dr5w4qGHFwCeMAvndZxmwfblJrl1tk2AznmsVu8MA==

"@trpc/server@^10.44.1":
  version "10.44.1"
  resolved "https://registry.yarnpkg.com/@trpc/server/-/server-10.44.1.tgz#0d089a3cd5d1268aa8f6845a183329fcac7f2fac"
  integrity sha512-mF7B+K6LjuboX8I1RZgKE5GA/fJhsJ8tKGK2UBt3Bwik7hepEPb4NJgNr7vO6BK5IYwPdBLRLTctRw6XZx0sRg==

react-hook-form@^7.49.2:
  version "7.49.2"
  resolved "https://registry.yarnpkg.com/react-hook-form/-/react-hook-form-7.49.2.tgz#6fb2742e1308020f26cb1915c7012b6c07b11ade"
  integrity sha512-TZcnSc17+LPPVpMRIDNVITY6w20deMdNi6iehTFLV1x8SqThXGwu93HjlUVU09pzFgZH7qZOvLMM7UYf2ShAHA==

react-ssr-prepass@^1.5.0:
  version "1.5.0"
  resolved "https://registry.yarnpkg.com/react-ssr-prepass/-/react-ssr-prepass-1.5.0.tgz#bc4ca7fcb52365e6aea11cc254a3d1bdcbd030c5"
  integrity sha512-yFNHrlVEReVYKsLI5lF05tZoHveA5pGzjFbFJY/3pOqqjGOmMmqx83N4hIjN2n6E1AOa+eQEUxs3CgRnPmT0RQ==

sonner@^1.2.4:
  version "1.2.4"
  resolved "https://registry.yarnpkg.com/sonner/-/sonner-1.2.4.tgz#c13b079a79fabef72135537aeb0164ad0671d044"
  integrity sha512-WGLP2QQnomgewaCTsK7YWiLcy5n1Yj83vsL5cP4zHMmpSkmFsCYTpQKhlXJrPE5kzjwbqCkCFXcOpbKc4vaUaA==

zod@^3.22.4:
  version "3.22.4"
  resolved "https://registry.yarnpkg.com/zod/-/zod-3.22.4.tgz#f31c3a9386f61b1f228af56faa9255e845cf3fff"
  integrity sha512-iC+8Io04lddc+mVqQ9AZ7OQ2MrUKGN+oIQyq1vemgt46jwCwLfhq7/pwnBnNXXXZb8VTVLKwp9EDkx+ryxIWmg==
